
Microsoft Visual Studio Solution File, Format Version 12.00
# Visual Studio Version 17
VisualStudioVersion = 17.5.33502.453
MinimumVisualStudioVersion = 10.0.40219.1
Project("{FAE04EC0-301F-11D3-BF4B-00C04F79EFBC}") = "SnakeAndLadderProblems", "SnakeAndLadderProblems\SnakeAndLadderProblems.csproj", "{0D4AE478-A605-4E0A-A569-149EDA071FB3}"
EndProject
Global
	GlobalSection(SolutionConfigurationPlatforms) = preSolution
		Debug|Any CPU = Debug|Any CPU
		Release|Any CPU = Release|Any CPU
	EndGlobalSection
	GlobalSection(ProjectConfigurationPlatforms) = postSolution
		{0D4AE478-A605-4E0A-A569-149EDA071FB3}.Debug|Any CPU.ActiveCfg = Debug|Any CPU
		{0D4AE478-A605-4E0A-A569-149EDA071FB3}.Debug|Any CPU.Build.0 = Debug|Any CPU
		{0D4AE478-A605-4E0A-A569-149EDA071FB3}.Release|Any CPU.ActiveCfg = Release|Any CPU
		{0D4AE478-A605-4E0A-A569-149EDA071FB3}.Release|Any CPU.Build.0 = Release|Any CPU
	EndGlobalSection
	GlobalSection(SolutionProperties) = preSolution
		HideSolutionNode = FALSE
	EndGlobalSection
	GlobalSection(ExtensibilityGlobals) = postSolution
		SolutionGuid = {468DD4F7-F3B6-41D3-A143-EACB8A83C228}
	EndGlobalSection
EndGlobal
